
Microsoft Visual Studio Solution File, Format Version 12.00
# Visual Studio Version 17
VisualStudioVersion = 17.10.34928.147
MinimumVisualStudioVersion = 10.0.40219.1
Project("{FAE04EC0-301F-11D3-BF4B-00C04F79EFBC}") = "CRUDForm", "CRUDForm.csproj", "{DD066C10-A297-4DA8-9489-AB2642AB4645}"
EndProject
Global
	GlobalSection(SolutionConfigurationPlatforms) = preSolution
		Debug|Any CPU = Debug|Any CPU
		Release|Any CPU = Release|Any CPU
	EndGlobalSection
	GlobalSection(ProjectConfigurationPlatforms) = postSolution
		{DD066C10-A297-4DA8-9489-AB2642AB4645}.Debug|Any CPU.ActiveCfg = Debug|Any CPU
		{DD066C10-A297-4DA8-9489-AB2642AB4645}.Debug|Any CPU.Build.0 = Debug|Any CPU
		{DD066C10-A297-4DA8-9489-AB2642AB4645}.Release|Any CPU.ActiveCfg = Release|Any CPU
		{DD066C10-A297-4DA8-9489-AB2642AB4645}.Release|Any CPU.Build.0 = Release|Any CPU
	EndGlobalSection
	GlobalSection(SolutionProperties) = preSolution
		HideSolutionNode = FALSE
	EndGlobalSection
	GlobalSection(ExtensibilityGlobals) = postSolution
		SolutionGuid = {C2B830C0-FE2F-4A08-B223-7A1D0544A867}
	EndGlobalSection
EndGlobal
